
Microsoft Visual Studio Solution File, Format Version 12.00
# Visual Studio Version 17
VisualStudioVersion = 17.10.35201.131
MinimumVisualStudioVersion = 10.0.40219.1
Project("{9A19103F-16F7-4668-BE54-9A1E7A4F7556}") = "KoiPondOrderSystemManagement.Repositories", "KoiPondOrder.Repositories\KoiPondOrderSystemManagement.Repositories.csproj", "{09CA7C62-9B28-4449-9B3E-215EFC0903B7}"
EndProject
Project("{9A19103F-16F7-4668-BE54-9A1E7A4F7556}") = "KoiPondOrderSystemManagement.Services", "KoiPondOrder.Services\KoiPondOrderSystemManagement.Services.csproj", "{C66C767E-1968-4738-9C0B-0CC4B20CA710}"
EndProject
Project("{9A19103F-16F7-4668-BE54-9A1E7A4F7556}") = "KoiPondOrderSystemManagement.RazorWebApp", "KoiPondOrder.RazorWebApp\KoiPondOrderSystemManagement.RazorWebApp.csproj", "{33CFC9DC-3ABB-4EEA-AB84-9BE8F7ED3ABD}"
EndProject
Global
	GlobalSection(SolutionConfigurationPlatforms) = preSolution
		Debug|Any CPU = Debug|Any CPU
		Release|Any CPU = Release|Any CPU
	EndGlobalSection
	GlobalSection(ProjectConfigurationPlatforms) = postSolution
		{09CA7C62-9B28-4449-9B3E-215EFC0903B7}.Debug|Any CPU.ActiveCfg = Debug|Any CPU
		{09CA7C62-9B28-4449-9B3E-215EFC0903B7}.Debug|Any CPU.Build.0 = Debug|Any CPU
		{09CA7C62-9B28-4449-9B3E-215EFC0903B7}.Release|Any CPU.ActiveCfg = Release|Any CPU
		{09CA7C62-9B28-4449-9B3E-215EFC0903B7}.Release|Any CPU.Build.0 = Release|Any CPU
		{C66C767E-1968-4738-9C0B-0CC4B20CA710}.Debug|Any CPU.ActiveCfg = Debug|Any CPU
		{C66C767E-1968-4738-9C0B-0CC4B20CA710}.Debug|Any CPU.Build.0 = Debug|Any CPU
		{C66C767E-1968-4738-9C0B-0CC4B20CA710}.Release|Any CPU.ActiveCfg = Release|Any CPU
		{C66C767E-1968-4738-9C0B-0CC4B20CA710}.Release|Any CPU.Build.0 = Release|Any CPU
		{33CFC9DC-3ABB-4EEA-AB84-9BE8F7ED3ABD}.Debug|Any CPU.ActiveCfg = Debug|Any CPU
		{33CFC9DC-3ABB-4EEA-AB84-9BE8F7ED3ABD}.Debug|Any CPU.Build.0 = Debug|Any CPU
		{33CFC9DC-3ABB-4EEA-AB84-9BE8F7ED3ABD}.Release|Any CPU.ActiveCfg = Release|Any CPU
		{33CFC9DC-3ABB-4EEA-AB84-9BE8F7ED3ABD}.Release|Any CPU.Build.0 = Release|Any CPU
	EndGlobalSection
	GlobalSection(SolutionProperties) = preSolution
		HideSolutionNode = FALSE
	EndGlobalSection
	GlobalSection(ExtensibilityGlobals) = postSolution
		SolutionGuid = {E631588A-6884-4119-B02E-CE53C89417BC}
	EndGlobalSection
EndGlobal
